{
  "lockfileVersion": 1,
  "configVersion": 0,
  "workspaces": {
    "": {
      "name": "claude-code-controller",
      "dependencies": {
        "the-vibe-companion": "^0.2.2",
      },
      "devDependencies": {
        "husky": "^9.1.7",
      },
    },
  },
  "packages": {
    "hono": ["hono@4.11.8", "", {}, "sha512-eVkB/CYCCei7K2WElZW9yYQFWssG0DhaDhVvr7wy5jJ22K+ck8fWW0EsLpB0sITUTvPnc97+rrbQqIr5iqiy9Q=="],

    "husky": ["husky@9.1.7", "", { "bin": { "husky": "bin.js" } }, "sha512-5gs5ytaNjBrh5Ow3zrvdUUY+0VxIuWVL4i9irt6friV+BqdCfmV11CQTWMiBYWHbXhco+J1kHfTOUkePhCDvMA=="],

    "the-vibe-companion": ["the-vibe-companion@0.2.2", "", { "dependencies": { "hono": "^4.7.0" }, "bin": { "the-vibe-companion": "bin/cli.ts" } }, "sha512-iKUinX633rp5OHz9mDbTqMD3iEcdoSoEPuNVdtEPAOSbMZlVptnuHf/0eR1Ors4lHJc8lTjPkKCFBsE/Cnjs9w=="],
  }
}
